
Microsoft Visual Studio Solution File, Format Version 12.00
# Visual Studio 15
VisualStudioVersion = 15.0.26124.0
MinimumVisualStudioVersion = 15.0.26124.0
Project("{FAE04EC0-301F-11D3-BF4B-00C04F79EFBC}") = "LeetCode.Problems", "LeetCode.Problems\LeetCode.Problems.csproj", "{C11B9DE7-899F-4F58-B4CD-816C7CE0ECDF}"
EndProject
Project("{FAE04EC0-301F-11D3-BF4B-00C04F79EFBC}") = "LeetCode.Tests", "LeetCode.Tests\LeetCode.Tests.csproj", "{1988D841-A30B-4EF2-BF47-F15C9670411B}"
EndProject
Global
	GlobalSection(SolutionConfigurationPlatforms) = preSolution
		Debug|Any CPU = Debug|Any CPU
		Debug|x64 = Debug|x64
		Debug|x86 = Debug|x86
		Release|Any CPU = Release|Any CPU
		Release|x64 = Release|x64
		Release|x86 = Release|x86
	EndGlobalSection
	GlobalSection(SolutionProperties) = preSolution
		HideSolutionNode = FALSE
	EndGlobalSection
	GlobalSection(ProjectConfigurationPlatforms) = postSolution
		{DC44AB8C-E1BE-4CD0-A723-BBBB763C7E4C}.Debug|Any CPU.ActiveCfg = Debug|Any CPU
		{DC44AB8C-E1BE-4CD0-A723-BBBB763C7E4C}.Debug|Any CPU.Build.0 = Debug|Any CPU
		{DC44AB8C-E1BE-4CD0-A723-BBBB763C7E4C}.Debug|x64.ActiveCfg = Debug|Any CPU
		{DC44AB8C-E1BE-4CD0-A723-BBBB763C7E4C}.Debug|x64.Build.0 = Debug|Any CPU
		{DC44AB8C-E1BE-4CD0-A723-BBBB763C7E4C}.Debug|x86.ActiveCfg = Debug|Any CPU
		{DC44AB8C-E1BE-4CD0-A723-BBBB763C7E4C}.Debug|x86.Build.0 = Debug|Any CPU
		{DC44AB8C-E1BE-4CD0-A723-BBBB763C7E4C}.Release|Any CPU.ActiveCfg = Release|Any CPU
		{DC44AB8C-E1BE-4CD0-A723-BBBB763C7E4C}.Release|Any CPU.Build.0 = Release|Any CPU
		{DC44AB8C-E1BE-4CD0-A723-BBBB763C7E4C}.Release|x64.ActiveCfg = Release|Any CPU
		{DC44AB8C-E1BE-4CD0-A723-BBBB763C7E4C}.Release|x64.Build.0 = Release|Any CPU
		{DC44AB8C-E1BE-4CD0-A723-BBBB763C7E4C}.Release|x86.ActiveCfg = Release|Any CPU
		{DC44AB8C-E1BE-4CD0-A723-BBBB763C7E4C}.Release|x86.Build.0 = Release|Any CPU
		{C11B9DE7-899F-4F58-B4CD-816C7CE0ECDF}.Debug|Any CPU.ActiveCfg = Debug|Any CPU
		{C11B9DE7-899F-4F58-B4CD-816C7CE0ECDF}.Debug|Any CPU.Build.0 = Debug|Any CPU
		{C11B9DE7-899F-4F58-B4CD-816C7CE0ECDF}.Debug|x64.ActiveCfg = Debug|Any CPU
		{C11B9DE7-899F-4F58-B4CD-816C7CE0ECDF}.Debug|x64.Build.0 = Debug|Any CPU
		{C11B9DE7-899F-4F58-B4CD-816C7CE0ECDF}.Debug|x86.ActiveCfg = Debug|Any CPU
		{C11B9DE7-899F-4F58-B4CD-816C7CE0ECDF}.Debug|x86.Build.0 = Debug|Any CPU
		{C11B9DE7-899F-4F58-B4CD-816C7CE0ECDF}.Release|Any CPU.ActiveCfg = Release|Any CPU
		{C11B9DE7-899F-4F58-B4CD-816C7CE0ECDF}.Release|Any CPU.Build.0 = Release|Any CPU
		{C11B9DE7-899F-4F58-B4CD-816C7CE0ECDF}.Release|x64.ActiveCfg = Release|Any CPU
		{C11B9DE7-899F-4F58-B4CD-816C7CE0ECDF}.Release|x64.Build.0 = Release|Any CPU
		{C11B9DE7-899F-4F58-B4CD-816C7CE0ECDF}.Release|x86.ActiveCfg = Release|Any CPU
		{C11B9DE7-899F-4F58-B4CD-816C7CE0ECDF}.Release|x86.Build.0 = Release|Any CPU
		{1988D841-A30B-4EF2-BF47-F15C9670411B}.Debug|Any CPU.ActiveCfg = Debug|Any CPU
		{1988D841-A30B-4EF2-BF47-F15C9670411B}.Debug|Any CPU.Build.0 = Debug|Any CPU
		{1988D841-A30B-4EF2-BF47-F15C9670411B}.Debug|x64.ActiveCfg = Debug|Any CPU
		{1988D841-A30B-4EF2-BF47-F15C9670411B}.Debug|x64.Build.0 = Debug|Any CPU
		{1988D841-A30B-4EF2-BF47-F15C9670411B}.Debug|x86.ActiveCfg = Debug|Any CPU
		{1988D841-A30B-4EF2-BF47-F15C9670411B}.Debug|x86.Build.0 = Debug|Any CPU
		{1988D841-A30B-4EF2-BF47-F15C9670411B}.Release|Any CPU.ActiveCfg = Release|Any CPU
		{1988D841-A30B-4EF2-BF47-F15C9670411B}.Release|Any CPU.Build.0 = Release|Any CPU
		{1988D841-A30B-4EF2-BF47-F15C9670411B}.Release|x64.ActiveCfg = Release|Any CPU
		{1988D841-A30B-4EF2-BF47-F15C9670411B}.Release|x64.Build.0 = Release|Any CPU
		{1988D841-A30B-4EF2-BF47-F15C9670411B}.Release|x86.ActiveCfg = Release|Any CPU
		{1988D841-A30B-4EF2-BF47-F15C9670411B}.Release|x86.Build.0 = Release|Any CPU
	EndGlobalSection
EndGlobal
